
Microsoft Visual Studio Solution File, Format Version 12.00
# Visual Studio 15
Project("{FAE04EC0-301F-11D3-BF4B-00C04F79EFBC}") = "Assembly-CSharp-Editor", "Assembly-CSharp-Editor.csproj", "{AA41070F-3B80-52F9-E062-CFBCB2F97A20}"
EndProject
Project("{FAE04EC0-301F-11D3-BF4B-00C04F79EFBC}") = "Assembly-CSharp", "Assembly-CSharp.csproj", "{173F849D-1151-97A8-6682-86E00C93C9F3}"
EndProject
Global
	GlobalSection(SolutionConfigurationPlatforms) = preSolution
		Debug|Any CPU = Debug|Any CPU
		Release|Any CPU = Release|Any CPU
	EndGlobalSection
	GlobalSection(ProjectConfigurationPlatforms) = postSolution
		{AA41070F-3B80-52F9-E062-CFBCB2F97A20}.Debug|Any CPU.ActiveCfg = Debug|Any CPU
		{AA41070F-3B80-52F9-E062-CFBCB2F97A20}.Debug|Any CPU.Build.0 = Debug|Any CPU
		{AA41070F-3B80-52F9-E062-CFBCB2F97A20}.Release|Any CPU.ActiveCfg = Release|Any CPU
		{AA41070F-3B80-52F9-E062-CFBCB2F97A20}.Release|Any CPU.Build.0 = Release|Any CPU
		{173F849D-1151-97A8-6682-86E00C93C9F3}.Debug|Any CPU.ActiveCfg = Debug|Any CPU
		{173F849D-1151-97A8-6682-86E00C93C9F3}.Debug|Any CPU.Build.0 = Debug|Any CPU
		{173F849D-1151-97A8-6682-86E00C93C9F3}.Release|Any CPU.ActiveCfg = Release|Any CPU
		{173F849D-1151-97A8-6682-86E00C93C9F3}.Release|Any CPU.Build.0 = Release|Any CPU
	EndGlobalSection
	GlobalSection(SolutionProperties) = preSolution
		HideSolutionNode = FALSE
	EndGlobalSection
EndGlobal
